
Microsoft Visual Studio Solution File, Format Version 12.00
# Visual Studio Version 17
VisualStudioVersion = 17.14.36212.18 d17.14
MinimumVisualStudioVersion = 10.0.40219.1
Project("{FAE04EC0-301F-11D3-BF4B-00C04F79EFBC}") = "cavebot_otp", "cavebot_otp\cavebot_otp.csproj", "{8E7A02CB-BD46-4F34-A502-C8E90D96AB54}"
EndProject
Global
	GlobalSection(SolutionConfigurationPlatforms) = preSolution
		Debug|Any CPU = Debug|Any CPU
		Release|Any CPU = Release|Any CPU
	EndGlobalSection
	GlobalSection(ProjectConfigurationPlatforms) = postSolution
		{8E7A02CB-BD46-4F34-A502-C8E90D96AB54}.Debug|Any CPU.ActiveCfg = Debug|Any CPU
		{8E7A02CB-BD46-4F34-A502-C8E90D96AB54}.Debug|Any CPU.Build.0 = Debug|Any CPU
		{8E7A02CB-BD46-4F34-A502-C8E90D96AB54}.Release|Any CPU.ActiveCfg = Release|Any CPU
		{8E7A02CB-BD46-4F34-A502-C8E90D96AB54}.Release|Any CPU.Build.0 = Release|Any CPU
	EndGlobalSection
	GlobalSection(SolutionProperties) = preSolution
		HideSolutionNode = FALSE
	EndGlobalSection
	GlobalSection(ExtensibilityGlobals) = postSolution
		SolutionGuid = {CD3640CB-BFBD-45E1-B05E-1C70D2FBBFAD}
	EndGlobalSection
EndGlobal
